PODS:
  - Alamofire (5.9.1)
  - ZZNetworkExtend (0.0.1):
    - Alamofire

DEPENDENCIES:
  - ZZNetworkExtend (from `../`)

SPEC REPOS:
  https://github.com/CocoaPods/Specs.git:
    - Alamofire

EXTERNAL SOURCES:
  ZZNetworkExtend:
    :path: "../"

SPEC CHECKSUMS:
  Alamofire: f36a35757af4587d8e4f4bfa223ad10be2422b8c
  ZZNetworkExtend: b19aaf331fc23ba91180f164a05a4041acbac8a7

PODFILE CHECKSUM: 112b6eb798f156b152e4d0947a6937730d22d97a

COCOAPODS: 1.15.0
